
Microsoft Visual Studio Solution File, Format Version 12.00
# Visual Studio Version 17
VisualStudioVersion = 17.9.34622.214
MinimumVisualStudioVersion = 10.0.40219.1
Project("{9A19103F-16F7-4668-BE54-9A1E7A4F7556}") = "DevSkill.Inventory.Web", "DevSkill.Inventory.Web\DevSkill.Inventory.Web.csproj", "{F6A95E77-BD45-4CB2-ABDE-64DE4F780BFB}"
EndProject
Project("{9A19103F-16F7-4668-BE54-9A1E7A4F7556}") = "DevSkill.Inventory.Domain", "DevSkill.Inventory.Domain\DevSkill.Inventory.Domain.csproj", "{CE9ACC6A-E533-4BE0-9D7E-3D8CF111E47B}"
EndProject
Project("{9A19103F-16F7-4668-BE54-9A1E7A4F7556}") = "DevSkill.Inventory.Application", "DevSkill.Inventory.Application\DevSkill.Inventory.Application.csproj", "{320FD851-47F4-4150-B12E-4B440A71A10A}"
EndProject
Project("{9A19103F-16F7-4668-BE54-9A1E7A4F7556}") = "DevSkill.Inventory.Infrastructure", "DevSkill.Inventory.Infrastructure\DevSkill.Inventory.Infrastructure.csproj", "{A8915A34-EE96-4568-875F-86D25B42C124}"
EndProject
Project("{2150E333-8FDC-42A3-9474-1A3956D46DE8}") = "tests", "tests", "{BE537F6D-0BE0-403F-95A4-595CDB44D90F}"
EndProject
Project("{9A19103F-16F7-4668-BE54-9A1E7A4F7556}") = "DevSkill.Inventory.Application.Tests", "..\tests\DevSkill.Inventory.Application.Tests\DevSkill.Inventory.Application.Tests.csproj", "{3F17696F-2442-4E98-8422-BCCC300B0979}"
EndProject
Global
	GlobalSection(SolutionConfigurationPlatforms) = preSolution
		Debug|Any CPU = Debug|Any CPU
		Release|Any CPU = Release|Any CPU
	EndGlobalSection
	GlobalSection(ProjectConfigurationPlatforms) = postSolution
		{F6A95E77-BD45-4CB2-ABDE-64DE4F780BFB}.Debug|Any CPU.ActiveCfg = Debug|Any CPU
		{F6A95E77-BD45-4CB2-ABDE-64DE4F780BFB}.Debug|Any CPU.Build.0 = Debug|Any CPU
		{F6A95E77-BD45-4CB2-ABDE-64DE4F780BFB}.Release|Any CPU.ActiveCfg = Release|Any CPU
		{F6A95E77-BD45-4CB2-ABDE-64DE4F780BFB}.Release|Any CPU.Build.0 = Release|Any CPU
		{CE9ACC6A-E533-4BE0-9D7E-3D8CF111E47B}.Debug|Any CPU.ActiveCfg = Debug|Any CPU
		{CE9ACC6A-E533-4BE0-9D7E-3D8CF111E47B}.Debug|Any CPU.Build.0 = Debug|Any CPU
		{CE9ACC6A-E533-4BE0-9D7E-3D8CF111E47B}.Release|Any CPU.ActiveCfg = Release|Any CPU
		{CE9ACC6A-E533-4BE0-9D7E-3D8CF111E47B}.Release|Any CPU.Build.0 = Release|Any CPU
		{320FD851-47F4-4150-B12E-4B440A71A10A}.Debug|Any CPU.ActiveCfg = Debug|Any CPU
		{320FD851-47F4-4150-B12E-4B440A71A10A}.Debug|Any CPU.Build.0 = Debug|Any CPU
		{320FD851-47F4-4150-B12E-4B440A71A10A}.Release|Any CPU.ActiveCfg = Release|Any CPU
		{320FD851-47F4-4150-B12E-4B440A71A10A}.Release|Any CPU.Build.0 = Release|Any CPU
		{A8915A34-EE96-4568-875F-86D25B42C124}.Debug|Any CPU.ActiveCfg = Debug|Any CPU
		{A8915A34-EE96-4568-875F-86D25B42C124}.Debug|Any CPU.Build.0 = Debug|Any CPU
		{A8915A34-EE96-4568-875F-86D25B42C124}.Release|Any CPU.ActiveCfg = Release|Any CPU
		{A8915A34-EE96-4568-875F-86D25B42C124}.Release|Any CPU.Build.0 = Release|Any CPU
		{3F17696F-2442-4E98-8422-BCCC300B0979}.Debug|Any CPU.ActiveCfg = Debug|Any CPU
		{3F17696F-2442-4E98-8422-BCCC300B0979}.Debug|Any CPU.Build.0 = Debug|Any CPU
		{3F17696F-2442-4E98-8422-BCCC300B0979}.Release|Any CPU.ActiveCfg = Release|Any CPU
		{3F17696F-2442-4E98-8422-BCCC300B0979}.Release|Any CPU.Build.0 = Release|Any CPU
	EndGlobalSection
	GlobalSection(SolutionProperties) = preSolution
		HideSolutionNode = FALSE
	EndGlobalSection
	GlobalSection(NestedProjects) = preSolution
		{3F17696F-2442-4E98-8422-BCCC300B0979} = {BE537F6D-0BE0-403F-95A4-595CDB44D90F}
	EndGlobalSection
	GlobalSection(ExtensibilityGlobals) = postSolution
		SolutionGuid = {A893ACE4-906A-4632-B4EB-E538784C3FEA}
	EndGlobalSection
EndGlobal
